# This file is automatically @generated by Poetry 2.1.3 and should not be changed by hand.

[[package]]
name = "ping3"
version = "5.1.5"
description = "A pure python3 version of ICMP ping implementation using raw socket."
optional = false
python-versions = ">=3.5"
groups = ["main"]
files = [
    {file = "ping3-5.1.5-py3-none-any.whl", hash = "sha256:9503164d054b87b01a6bd0df83a49c29e7c8427eb06940f874ebd4ed2d8ba8f6"},
    {file = "ping3-5.1.5.tar.gz", hash = "sha256:6c99bc844e0b7dbc5c9765e8b530140daf1ccd2112c99db01ab79831bd8081cd"},
]

[package.extras]
dev = ["build", "twine"]

[[package]]
name = "tcppinglib"
version = "2.0.4"
description = "An Easy Way to Measure the Connectivity and Latency with TCP Ping"
optional = false
python-versions = ">=3.7"
groups = ["main"]
files = [
    {file = "tcppinglib-2.0.4-py3-none-any.whl", hash = "sha256:271ff7bb7e8261dfe5963e98a443e875ea7830853d1bd6f857060479a0bff498"},
    {file = "tcppinglib-2.0.4.tar.gz", hash = "sha256:186b9bd0139a4eadb1ef7115324b508c6f38e6926a082872a34d035d30e4d662"},
]

[metadata]
lock-version = "2.1"
python-versions = ">=3.13"
content-hash = "1155fca9b6a28e47acb592c7837d882a23b3106215209221633435f453036ae8"
