# This file is automatically @generated by Poetry 1.7.1 and should not be changed by hand.

[[package]]
name = "ping3"
version = "4.0.4"
description = "A pure python3 version of ICMP ping implementation using raw socket."
optional = false
python-versions = ">=3"
files = [
    {file = "ping3-4.0.4-py3-none-any.whl", hash = "sha256:dd8439ced69d6fec5885c8d4faefb055aacffb5a20f5e38a78459a5b18cc5e5a"},
    {file = "ping3-4.0.4.tar.gz", hash = "sha256:1ea12acf6752d4666616341fd7c6393c664cffc510c693ef06f736fb267a13ba"},
]

[package.extras]
dev = ["build", "pycodestyle", "wheel"]

[[package]]
name = "tcppinglib"
version = "2.0.3"
description = "An Easy Way to Measure the Connectivity and Latency with TCP Ping"
optional = false
python-versions = ">=3.7"
files = [
    {file = "tcppinglib-2.0.3-py3-none-any.whl", hash = "sha256:4b67304adbb4f0cc02d2732f325014e1c6215a4c405e0a59f96512107750c83c"},
    {file = "tcppinglib-2.0.3.tar.gz", hash = "sha256:6a85545495b0f77bcb74a155ddf9916b245acd71d75c23bd1345ca331860bbaf"},
]

[metadata]
lock-version = "2.0"
python-versions = "^3.9"
content-hash = "31b0df2e726ef923fc4b01fd44e36f3ea78146231927c3daff64a509daea4e85"
